
Microsoft Visual Studio Solution File, Format Version 12.00
# Visual Studio Version 16
VisualStudioVersion = 16.0.32228.343
MinimumVisualStudioVersion = 10.0.40219.1
Project("{FAE04EC0-301F-11D3-BF4B-00C04F79EFBC}") = "TempleTour", "TempleTour\TempleTour.csproj", "{2A78FB51-5F8B-4694-9CB5-979C7265FD19}"
EndProject
Global
	GlobalSection(SolutionConfigurationPlatforms) = preSolution
		Debug|Any CPU = Debug|Any CPU
		Release|Any CPU = Release|Any CPU
	EndGlobalSection
	GlobalSection(ProjectConfigurationPlatforms) = postSolution
		{2A78FB51-5F8B-4694-9CB5-979C7265FD19}.Debug|Any CPU.ActiveCfg = Debug|Any CPU
		{2A78FB51-5F8B-4694-9CB5-979C7265FD19}.Debug|Any CPU.Build.0 = Debug|Any CPU
		{2A78FB51-5F8B-4694-9CB5-979C7265FD19}.Release|Any CPU.ActiveCfg = Release|Any CPU
		{2A78FB51-5F8B-4694-9CB5-979C7265FD19}.Release|Any CPU.Build.0 = Release|Any CPU
	EndGlobalSection
	GlobalSection(SolutionProperties) = preSolution
		HideSolutionNode = FALSE
	EndGlobalSection
	GlobalSection(ExtensibilityGlobals) = postSolution
		SolutionGuid = {D9B818BB-ADCA-4BEF-B606-C3833D16C2C1}
	EndGlobalSection
EndGlobal
